
Microsoft Visual Studio Solution File, Format Version 12.00
# Visual Studio Version 16
VisualStudioVersion = 16.0.31129.286
MinimumVisualStudioVersion = 10.0.40219.1
Project("{FAE04EC0-301F-11D3-BF4B-00C04F79EFBC}") = "Calculadora.ConsoleApp", "Calculadora.ConsoleApp\Calculadora.ConsoleApp.csproj", "{87BD6EAA-A562-401B-B044-37201C9E6341}"
EndProject
Global
	GlobalSection(SolutionConfigurationPlatforms) = preSolution
		Debug|Any CPU = Debug|Any CPU
		Release|Any CPU = Release|Any CPU
	EndGlobalSection
	GlobalSection(ProjectConfigurationPlatforms) = postSolution
		{87BD6EAA-A562-401B-B044-37201C9E6341}.Debug|Any CPU.ActiveCfg = Debug|Any CPU
		{87BD6EAA-A562-401B-B044-37201C9E6341}.Debug|Any CPU.Build.0 = Debug|Any CPU
		{87BD6EAA-A562-401B-B044-37201C9E6341}.Release|Any CPU.ActiveCfg = Release|Any CPU
		{87BD6EAA-A562-401B-B044-37201C9E6341}.Release|Any CPU.Build.0 = Release|Any CPU
	EndGlobalSection
	GlobalSection(SolutionProperties) = preSolution
		HideSolutionNode = FALSE
	EndGlobalSection
	GlobalSection(ExtensibilityGlobals) = postSolution
		SolutionGuid = {753CFDCF-29C7-4A04-B14A-2B214F299B0F}
	EndGlobalSection
EndGlobal
